
Microsoft Visual Studio Solution File, Format Version 12.00
# Visual Studio 15
VisualStudioVersion = 15.0.28010.2050
MinimumVisualStudioVersion = 10.0.40219.1
Project("{8BC9CEB8-8B4A-11D0-8D11-00A0C91BC942}") = "client", "client\client.vcxproj", "{1CD44BA1-B6A8-4E78-9481-2079CDB7E83D}"
EndProject
Project("{8BC9CEB8-8B4A-11D0-8D11-00A0C91BC942}") = "server", "server\server.vcxproj", "{6FCA842B-CC5D-4D5B-BD64-578FC3296740}"
EndProject
Project("{8BC9CEB8-8B4A-11D0-8D11-00A0C91BC942}") = "test", "test\test.vcxproj", "{A3DEDD69-6B1B-4615-A5D4-85A63ACFAC4B}"
EndProject
Project("{8BC9CEB8-8B4A-11D0-8D11-00A0C91BC942}") = "EasyChat", "EasyChat\EasyChat.vcxproj", "{5D617BDA-4812-4B08-9545-34497B379092}"
EndProject
Global
	GlobalSection(SolutionConfigurationPlatforms) = preSolution
		Debug|x64 = Debug|x64
		Debug|x86 = Debug|x86
		Release|x64 = Release|x64
		Release|x86 = Release|x86
	EndGlobalSection
	GlobalSection(ProjectConfigurationPlatforms) = postSolution
		{1CD44BA1-B6A8-4E78-9481-2079CDB7E83D}.Debug|x64.ActiveCfg = Debug|x64
		{1CD44BA1-B6A8-4E78-9481-2079CDB7E83D}.Debug|x64.Build.0 = Debug|x64
		{1CD44BA1-B6A8-4E78-9481-2079CDB7E83D}.Debug|x86.ActiveCfg = Debug|Win32
		{1CD44BA1-B6A8-4E78-9481-2079CDB7E83D}.Debug|x86.Build.0 = Debug|Win32
		{1CD44BA1-B6A8-4E78-9481-2079CDB7E83D}.Release|x64.ActiveCfg = Release|x64
		{1CD44BA1-B6A8-4E78-9481-2079CDB7E83D}.Release|x64.Build.0 = Release|x64
		{1CD44BA1-B6A8-4E78-9481-2079CDB7E83D}.Release|x86.ActiveCfg = Release|Win32
		{1CD44BA1-B6A8-4E78-9481-2079CDB7E83D}.Release|x86.Build.0 = Release|Win32
		{6FCA842B-CC5D-4D5B-BD64-578FC3296740}.Debug|x64.ActiveCfg = Debug|x64
		{6FCA842B-CC5D-4D5B-BD64-578FC3296740}.Debug|x64.Build.0 = Debug|x64
		{6FCA842B-CC5D-4D5B-BD64-578FC3296740}.Debug|x86.ActiveCfg = Debug|Win32
		{6FCA842B-CC5D-4D5B-BD64-578FC3296740}.Debug|x86.Build.0 = Debug|Win32
		{6FCA842B-CC5D-4D5B-BD64-578FC3296740}.Release|x64.ActiveCfg = Release|x64
		{6FCA842B-CC5D-4D5B-BD64-578FC3296740}.Release|x64.Build.0 = Release|x64
		{6FCA842B-CC5D-4D5B-BD64-578FC3296740}.Release|x86.ActiveCfg = Release|Win32
		{6FCA842B-CC5D-4D5B-BD64-578FC3296740}.Release|x86.Build.0 = Release|Win32
		{A3DEDD69-6B1B-4615-A5D4-85A63ACFAC4B}.Debug|x64.ActiveCfg = Debug|x64
		{A3DEDD69-6B1B-4615-A5D4-85A63ACFAC4B}.Debug|x64.Build.0 = Debug|x64
		{A3DEDD69-6B1B-4615-A5D4-85A63ACFAC4B}.Debug|x86.ActiveCfg = Debug|Win32
		{A3DEDD69-6B1B-4615-A5D4-85A63ACFAC4B}.Debug|x86.Build.0 = Debug|Win32
		{A3DEDD69-6B1B-4615-A5D4-85A63ACFAC4B}.Release|x64.ActiveCfg = Release|x64
		{A3DEDD69-6B1B-4615-A5D4-85A63ACFAC4B}.Release|x64.Build.0 = Release|x64
		{A3DEDD69-6B1B-4615-A5D4-85A63ACFAC4B}.Release|x86.ActiveCfg = Release|Win32
		{A3DEDD69-6B1B-4615-A5D4-85A63ACFAC4B}.Release|x86.Build.0 = Release|Win32
		{5D617BDA-4812-4B08-9545-34497B379092}.Debug|x64.ActiveCfg = Debug|x64
		{5D617BDA-4812-4B08-9545-34497B379092}.Debug|x64.Build.0 = Debug|x64
		{5D617BDA-4812-4B08-9545-34497B379092}.Debug|x86.ActiveCfg = Debug|Win32
		{5D617BDA-4812-4B08-9545-34497B379092}.Debug|x86.Build.0 = Debug|Win32
		{5D617BDA-4812-4B08-9545-34497B379092}.Release|x64.ActiveCfg = Release|x64
		{5D617BDA-4812-4B08-9545-34497B379092}.Release|x64.Build.0 = Release|x64
		{5D617BDA-4812-4B08-9545-34497B379092}.Release|x86.ActiveCfg = Release|Win32
		{5D617BDA-4812-4B08-9545-34497B379092}.Release|x86.Build.0 = Release|Win32
	EndGlobalSection
	GlobalSection(SolutionProperties) = preSolution
		HideSolutionNode = FALSE
	EndGlobalSection
	GlobalSection(ExtensibilityGlobals) = postSolution
		SolutionGuid = {AC4CD5DA-B9EA-4208-B359-7674D3764BAF}
	EndGlobalSection
EndGlobal
